atomicgo.dev/cursor v0.1.1 h1:0t9sxQomCTRh5ug+hAMCs59x/UmC9QL6Ci5uosINKD4=
atomicgo.dev/cursor v0.1.1/go.mod h1:Lr4ZJB3U7DfPPOkbH7/6TOtJ4vFGHlgj1nc+n900IpU=
atomicgo.dev/keyboard v0.2.8 h1:Di09BitwZgdTV1hPyX/b9Cqxi8HVuJQwWivnZUEqlj4=
atomicgo.dev/keyboard v0.2.8/go.mod h1:BC4w9g00XkxH/f1HXhW2sXmJFOCWbKn9xrOunSFtExQ=
github.com/Luzifer/go-openssl v2.0.0+incompatible h1:EpNNxrPDji4rRzE0KeOeIeV7pHyKe8zF9oNnAXy4mBY=
github.com/Luzifer/go-openssl v2.0.0+incompatible/go.mod h1:t2qnLjT8WQ3usGU1R8uAqjY4T7CK7eMg9vhQ3l9Ue/Y=
github.com/MakeNowJust/heredoc/v2 v2.0.1 h1:rlCHh70XXXv7toz95ajQWOWQnN4WNLt0TdpZYIR/J6A=
github.com/MakeNowJust/heredoc/v2 v2.0.1/go.mod h1:6/2Abh5s+hc3g9nbWLe9ObDIOhaRrqsyY9MWy+4JdRM=
github.com/MarvinJWendt/testza v0.1.0/go.mod h1:7AxNvlfeHP7Z/hDQ5JtE3OKYT3XFUeLCDE2DQninSqs=
github.com/MarvinJWendt/testza v0.2.1/go.mod h1:God7bhG8n6uQxwdScay+gjm9/LnO4D3kkcZX4hv9Rp8=
github.com/MarvinJWendt/testza v0.2.8/go.mod h1:nwIcjmr0Zz+Rcwfh3/4UhBp7ePKVhuBExvZqnKYWlII=
github.com/MarvinJWendt/testza v0.2.10/go.mod h1:pd+VWsoGUiFtq+hRKSU1Bktnn+DMCSrDrXDpX2bG66k=
github.com/MarvinJWendt/testza v0.2.12/go.mod h1:JOIegYyV7rX+7VZ9r77L/eH6CfJHHzXjB69adAhzZkI=
github.com/MarvinJWendt/testza v0.3.0/go.mod h1:eFcL4I0idjtIx8P9C6KkAuLgATNKpX4/2oUqKc6bF2c=
github.com/MarvinJWendt/testza v0.4.2/go.mod h1:mSdhXiKH8sg/gQehJ63bINcCKp7RtYewEjXsvsVUPbE=
github.com/atomicgo/cursor v0.0.1/go.mod h1:cBON2QmmrysudxNBFthvMtN32r3jxVRIvzkUiF/RuIk=
github.com/aws/aws-sdk-go v1.44.94 h1:hDqJSv03ZVvqT448gUE63JEIHKx++vKLoDkiZxbNmIk=
github.com/aws/aws-sdk-go v1.44.94/go.mod h1:y4AeaBuwd2Lk+GepC1E9v0qOiTws0MIWAX4oIKwKHZo=
github.com/aws/aws-sdk-go-v2 v1.16.14 h1:db6GvO4Z2UqHt5gvT0lr6J5x5P+oQ7bdRzczVaRekMU=
github.com/aws/aws-sdk-go-v2 v1.16.14/go.mod h1:s/G+UV29dECbF5rf+RNj1xhlmvoNurGSr+McVSRj59w=
github.com/aws/aws-sdk-go-v2 v1.16.15 h1:2sInOWGE4HV54R90Pj8QgqBBw3Qf1I0husqbqjPZzys=
github.com/aws/aws-sdk-go-v2 v1.16.15/go.mod h1:SwiyXi/1zTUZ6KIAmLK5V5ll8SiURNUYOqTerZPaF9k=
github.com/aws/aws-sdk-go-v2 v1.16.16 h1:M1fj4FE2lB4NzRb9Y0xdWsn2P0+2UHVxwKyOa4YJNjk=
github.com/aws/aws-sdk-go-v2 v1.16.16/go.mod h1:SwiyXi/1zTUZ6KIAmLK5V5ll8SiURNUYOqTerZPaF9k=
github.com/aws/aws-sdk-go-v2/aws/protocol/eventstream v1.4.7 h1:/kxQjtZc7j67TMW/aFJfpsrlvFhsq3lNbX41qN5Tro4=
github.com/aws/aws-sdk-go-v2/aws/protocol/eventstream v1.4.7/go.mod h1:KvHyNlxCjo9Y1Fsz+6Ex9OaN2jKijvMxzROxpW5Vctc=
github.com/aws/aws-sdk-go-v2/config v1.17.5 h1:+NS1BWvprx7nHcIk5o32LrZgifs/7Pm1V2nWjQgZ2H0=
github.com/aws/aws-sdk-go-v2/config v1.17.5/go.mod h1:H0cvPNDO3uExWts/9PDhD/0ne2esu1uaIulwn1vkwxM=
github.com/aws/aws-sdk-go-v2/credentials v1.12.18 h1:HF62tbhARhgLfvmfwUbL9qZ+dkbZYzbFdxBb3l5gr7Q=
github.com/aws/aws-sdk-go-v2/credentials v1.12.18/go.mod h1:O7n/CPagQ33rfG6h7vR/W02ammuc5CrsSM22cNZp9so=
github.com/aws/aws-sdk-go-v2/feature/ec2/imds v1.12.15 h1:nkQ+aI0OCeYfzrBipL6ja/6VEbUnHQoZHBHtoK+Nzxw=
github.com/aws/aws-sdk-go-v2/feature/ec2/imds v1.12.15/go.mod h1:Oz2/qWINxIgSmoZT9adpxJy2UhpcOAI3TIyWgYMVSz0=
github.com/aws/aws-sdk-go-v2/internal/configsources v1.1.21 h1:gRIXnmAVNyoRQywdNtpAkgY+f30QNzgF53Q5OobNZZs=
github.com/aws/aws-sdk-go-v2/internal/configsources v1.1.21/go.mod h1:XsmHMV9c512xgsW01q7H0ut+UQQQpWX8QsFbdLHDwaU=
github.com/aws/aws-sdk-go-v2/internal/configsources v1.1.22 h1:pE27/u2A7JlwICjOvONQDob8PToShRTkuiUE74ymVWg=
github.com/aws/aws-sdk-go-v2/internal/configsources v1.1.22/go.mod h1:/vNv5Al0bpiF8YdX2Ov6Xy05VTiXsql94yUqJMYaj0w=
github.com/aws/aws-sdk-go-v2/internal/configsources v1.1.23 h1:s4g/wnzMf+qepSNgTvaQQHNxyMLKSawNhKCPNy++2xY=
github.com/aws/aws-sdk-go-v2/internal/configsources v1.1.23/go.mod h1:2DFxAQ9pfIRy0imBCJv+vZ2X6RKxves6fbnEuSry6b4=
github.com/aws/aws-sdk-go-v2/internal/endpoints/v2 v2.4.15 h1:noAhOo2mMDyYhTx99aYPvQw16T3fQ/DiKAv9fzpIKH8=
github.com/aws/aws-sdk-go-v2/internal/endpoints/v2 v2.4.15/go.mod h1:kjJ4CyD9M3Wq88GYg3IPfj67Rs0Uvz8aXK7MJ8BvE4I=
github.com/aws/aws-sdk-go-v2/internal/endpoints/v2 v2.4.16 h1:L5LKGHHXOl4t7+5QZMTl38GIzSAq07XUTRtEquiHGMA=
github.com/aws/aws-sdk-go-v2/internal/endpoints/v2 v2.4.16/go.mod h1:62dsXI0BqTIGomDl8Hpm33dv0OntGaVblri3ZRParVQ=
github.com/aws/aws-sdk-go-v2/internal/endpoints/v2 v2.4.17 h1:/K482T5A3623WJgWT8w1yRAFK4RzGzEl7y39yhtn9eA=
github.com/aws/aws-sdk-go-v2/internal/endpoints/v2 v2.4.17/go.mod h1:pRwaTYCJemADaqCbUAxltMoHKata7hmB5PjEXeu0kfg=
github.com/aws/aws-sdk-go-v2/internal/ini v1.3.22 h1:nF+E8HfYpOMw6M5oA9efB602VC00IHNQnB5CmFvZPvA=
github.com/aws/aws-sdk-go-v2/internal/ini v1.3.22/go.mod h1:tltHVGy977LrSOgRR5aV9+miyno/Gul/uJNPKS7FzP4=
github.com/aws/aws-sdk-go-v2/internal/v4a v1.0.12 h1:i0Tig01XGhXo/ki1BZUbRMhusGVCScEvaWdlFRWxAKk=
github.com/aws/aws-sdk-go-v2/internal/v4a v1.0.12/go.mod h1:QPoxYMISvteeDH4A89gGWWlCA/Bz6oUDF7hGdPdOPuE=
github.com/aws/aws-sdk-go-v2/service/apigatewayv2 v1.12.16 h1:gnXsyKJX6PNRjeCFO9Xxw7yQJLxdQLpRhtUcvmMrOpo=
github.com/aws/aws-sdk-go-v2/service/apigatewayv2 v1.12.16/go.mod h1:EzCnjXWYq7mHPlCqgNhVTfh/SoG4aVp8z1TNlIHNxFg=
github.com/aws/aws-sdk-go-v2/service/cloudformation v1.22.8 h1:2A08UvKfLvp0nyF0qRjt2umwUTypl4ZYE7IvGVR+ZyE=
github.com/aws/aws-sdk-go-v2/service/cloudformation v1.22.8/go.mod h1:SUJgfvAM7mzloPhT65k1DYT/Lldx9Tv+dzmlGgAf/e4=
github.com/aws/aws-sdk-go-v2/service/cloudfront v1.20.4 h1:yf5DxueZrC3AWa2ZER745OTl7P/R7QlifVNXv29LIZg=
github.com/aws/aws-sdk-go-v2/service/cloudfront v1.20.4/go.mod h1:O4gNEpM6/Q0u+wzeoojeBi+SfDN8NoyB28mm7BstuNs=
github.com/aws/aws-sdk-go-v2/service/ecr v1.17.16 h1:Fl+PSDkwzeNnI42wHAfRvreL6r7I2yAVYSCpXan9go4=
github.com/aws/aws-sdk-go-v2/service/ecr v1.17.16/go.mod h1:PKNfdxgouO2lS7Hl3p3LlEOsGS9ZHMu+P6E2ZfrdVxM=
github.com/aws/aws-sdk-go-v2/service/internal/accept-encoding v1.9.8 h1:NpixDFjwr1BZg2459mX07NZnVYGGp62Lb6AtVGOLNlo=
github.com/aws/aws-sdk-go-v2/service/internal/accept-encoding v1.9.8/go.mod h1:MJUgrBPfGB4yk2uWoImVqd9cklry1hATyJV/7gJ6JTk=
github.com/aws/aws-sdk-go-v2/service/internal/checksum v1.1.16 h1:kHc3TqW5kJ9Vfd9YEwywrNrL87DItpvAohlP+OuzABY=
github.com/aws/aws-sdk-go-v2/service/internal/checksum v1.1.16/go.mod h1:U/9ZCgIx6x6NTdFRt60qO3gxUxBx4gRi+S/Yc/n+7vc=
github.com/aws/aws-sdk-go-v2/service/internal/presigned-url v1.9.15 h1:xlf0J6DUgAj/ocvKQxCmad8Bu1lJuRbt5Wu+4G1xw1g=
github.com/aws/aws-sdk-go-v2/service/internal/presigned-url v1.9.15/go.mod h1:ZVJ7ejRl4+tkWMuCwjXoy0jd8fF5u3RCyWjSVjUIvQE=
github.com/aws/aws-sdk-go-v2/service/internal/s3shared v1.13.15 h1:v9f7NY7D19ssE2EM+m9yT1m5zdWHuRAsZaFh24GAkOk=
github.com/aws/aws-sdk-go-v2/service/internal/s3shared v1.13.15/go.mod h1:gXfPo3nMoCbJKTZKDxv3rUhcYJjYT/K++jEqcWHjD/Q=
github.com/aws/aws-sdk-go-v2/service/kms v1.18.11 h1:IxfVvdMedvCHXOWIuypaCjmNqGOP1uaXnaSVQzut7KE=
github.com/aws/aws-sdk-go-v2/service/kms v1.18.11/go.mod h1:DZtboupHLNr0p6qHw9r3kR8MUnN/rc4AAVmNpe2ocuU=
github.com/aws/aws-sdk-go-v2/service/lambda v1.24.4 h1:TjBzpwWQwR0YXdtFITw0a54hFfpcKVODU06H+nN5Ek4=
github.com/aws/aws-sdk-go-v2/service/lambda v1.24.4/go.mod h1:7nxxfr4DEkcWIT0VqoqBqSNCz3PGEJ9clXvS87SA9ig=
github.com/aws/aws-sdk-go-v2/service/s3 v1.27.9 h1:imVonvre+AHMcDc3B9bPHHy5ZgjIkkYc/jyDBK8FHFw=
github.com/aws/aws-sdk-go-v2/service/s3 v1.27.9/go.mod h1:0Gfmg8gjPhVPy/IXkLAmyKZbAue+2s11BWKH+oXggmg=
github.com/aws/aws-sdk-go-v2/service/ssm v1.27.13 h1:frTWO9DxuGG9zzV5F3gvc9ondPUd/Ae7x1lXJt+4Fwg=
github.com/aws/aws-sdk-go-v2/service/ssm v1.27.13/go.mod h1:DLGkJX+FzEhluRGOTf9eejrDPu1gZ+1GuNkgLYdnPFM=
github.com/aws/aws-sdk-go-v2/service/sso v1.11.21 h1:7jUFr+7F4MzIjCZzy7ygRtXFQcQ0kAbT0gUvtUeAdyU=
github.com/aws/aws-sdk-go-v2/service/sso v1.11.21/go.mod h1:q8nYq51W3gpZempYsAD83fPRlrOTMCwN+Ahg4BKFTXQ=
github.com/aws/aws-sdk-go-v2/service/ssooidc v1.13.3 h1:UTTPNP3/WzZa7hoHP3Szb/Yl0bM3NoBrf5ABy1OArUM=
github.com/aws/aws-sdk-go-v2/service/ssooidc v1.13.3/go.mod h1:+IF75RMJh0+zqTGXGshyEGRsU2ImqWv6UuHGkHl6kEo=
github.com/aws/aws-sdk-go-v2/service/sts v1.16.17 h1:LVM2jzEQ8mhb2dhrFl4PJ3sa5+KcKT01dsMk2Ma9/FU=
github.com/aws/aws-sdk-go-v2/service/sts v1.16.17/go.mod h1:bQujK1n0V1D1Gz5uII1jaB1WDvhj4/T3tElsJnVXCR0=
github.com/aws/smithy-go v1.13.2 h1:TBLKyeJfXTrTXRHmsv4qWt9IQGYyWThLYaJWSahTOGE=
github.com/aws/smithy-go v1.13.2/go.mod h1:Tg+OJXh4MB2R/uN61Ko2f6hTZwB/ZYGOtib8J3gBHzA=
github.com/aws/smithy-go v1.13.3 h1:l7LYxGuzK6/K+NzJ2mC+VvLUbae0sL3bXU//04MkmnA=
github.com/aws/smithy-go v1.13.3/go.mod h1:Tg+OJXh4MB2R/uN61Ko2f6hTZwB/ZYGOtib8J3gBHzA=
github.com/containerd/console v1.0.3 h1:lIr7SlA5PxZyMV30bDW0MGbiOPXwc63yRuCP0ARubLw=
github.com/containerd/console v1.0.3/go.mod h1:7LqA/THxQ86k76b8c/EMSiaJ3h1eZkMkXar0TQ1gf3U=
github.com/cpuguy83/go-md2man/v2 v2.0.2/go.mod h1:tgQtvFlXSQOSOSIRvRPT7W67SCa46tRHOmNcaadrF8o=
github.com/davecgh/go-spew v1.1.0/go.mod h1:J7Y8YcW2NihsgmVo/mv3lAwl/skON4iLHjSsI+c5H38=
github.com/davecgh/go-spew v1.1.1/go.mod h1:J7Y8YcW2NihsgmVo/mv3lAwl/skON4iLHjSsI+c5H38=
github.com/go-cmd/cmd v1.4.1 h1:JUcEIE84v8DSy02XTZpUDeGKExk2oW3DA10hTjbQwmc=
github.com/go-cmd/cmd v1.4.1/go.mod h1:tbBenttXtZU4c5djS1o7PWL5pd2xAr5sIqH1kGdNiRc=
github.com/google/go-cmp v0.5.8/go.mod h1:17dUlkBOakJ0+DkrSSNjCkIjxS6bF9zb3elmeNGIjoY=
github.com/google/uuid v1.3.0 h1:t6JiXgmwXMjEs8VusXIJk2BXHsn+wx8BZdTaoZ5fu7I=
github.com/google/uuid v1.3.0/go.mod h1:TIyPZe4MgqvfeYDBFedMoGGpEw/LqOeaOT+nhxU+yHo=
github.com/gookit/color v1.4.2/go.mod h1:fqRyamkC1W8uxl+lxCQxOT09l/vYfZ+QeiX3rKQHCoQ=
github.com/gookit/color v1.5.0 h1:1Opow3+BWDwqor78DcJkJCIwnkviFi+rrOANki9BUFw=
github.com/gookit/color v1.5.0/go.mod h1:43aQb+Zerm/BWh2GnrgOQm7ffz7tvQXEKV6BFMl7wAo=
github.com/inconshreveable/mousetrap v1.0.0 h1:Z8tu5sraLXCXIcARxBp/8cbvlwVa7Z1NHg9XEKhtSvM=
github.com/inconshreveable/mousetrap v1.0.0/go.mod h1:PxqpIevigyE2G7u3NXJIT2ANytuPF1OarO4DADm73n8=
github.com/jmespath/go-jmespath v0.4.0 h1:BEgLn5cpjn8UN1mAw4NjwDrS35OdebyEtFe+9YPoQUg=
github.com/jmespath/go-jmespath v0.4.0/go.mod h1:T8mJZnbsbmF+m6zOOFylbeCJqk5+pHWvzYPziyZiYoo=
github.com/jmespath/go-jmespath/internal/testify v1.5.1/go.mod h1:L3OGu8Wl2/fWfCI6z80xFu9LTZmf1ZRjMHUOPmWr69U=
github.com/k0kubun/go-ansi v0.0.0-20180517002512-3bf9e2903213/go.mod h1:vNUNkEQ1e29fT/6vq2aBdFsgNPmy8qMdSay1npru+Sw=
github.com/klauspost/cpuid/v2 v2.0.9/go.mod h1:FInQzS24/EEf25PyTYn52gqo7WaD8xa0213Md/qVLRg=
github.com/klauspost/cpuid/v2 v2.0.10/go.mod h1:g2LTdtYhdyuGPqyWyv7qRAmj1WBqxuObKfj5c0PQa7c=
github.com/klauspost/cpuid/v2 v2.0.12/go.mod h1:g2LTdtYhdyuGPqyWyv7qRAmj1WBqxuObKfj5c0PQa7c=
github.com/kr/pretty v0.1.0/go.mod h1:dAy3ld7l9f0ibDNOQOHHMYYIIbhfbHSm3C4ZsoJORNo=
github.com/kr/pty v1.1.1/go.mod h1:pFQYn66WHrOpPYNljwOMqo10TkYh1fy3cYio2l3bCsQ=
github.com/kr/text v0.1.0/go.mod h1:4Jbv+DJW3UT/LiOwJeYQe1efqtUx/iVham/4vfdArNI=
github.com/lithammer/fuzzysearch v1.1.5 h1:Ag7aKU08wp0R9QCfF4GoGST9HbmAIeLP7xwMrOBEp1c=
github.com/lithammer/fuzzysearch v1.1.5/go.mod h1:1R1LRNk7yKid1BaQkmuLQaHruxcC4HmAH30Dh61Ih1Q=
github.com/mattn/go-isatty v0.0.16/go.mod h1:kYGgaQfpe5nmfYZH+SKPsOc2e4SrIfOl2e/yFXSvRLM=
github.com/mattn/go-runewidth v0.0.13 h1:lTGmDsbAYt5DmK6OnoV7EuIF1wEIFAcxld6ypU4OSgU=
github.com/mattn/go-runewidth v0.0.13/go.mod h1:Jdepj2loyihRzMpdS35Xk/zdY8IAYHsh153qUoGf23w=
github.com/mitchellh/colorstring v0.0.0-20190213212951-d06e56a500db h1:62I3jR2EmQ4l5rM/4FEfDWcRD+abF5XlKShorW5LRoQ=
github.com/mitchellh/colorstring v0.0.0-20190213212951-d06e56a500db/go.mod h1:l0dey0ia/Uv7NcFFVbCLtqEBQbrT4OCwCSKTEv6enCw=
github.com/otiai10/copy v1.7.0 h1:hVoPiN+t+7d2nzzwMiDHPSOogsWAStewq3TwU05+clE=
github.com/otiai10/copy v1.7.0/go.mod h1:rmRl6QPdJj6EiUqXQ/4Nn2lLXoNQjFCQbbNrxgc/t3U=
github.com/otiai10/curr v0.0.0-20150429015615-9b4961190c95/go.mod h1:9qAhocn7zKJG+0mI8eUu6xqkFDYS2kb2saOteoSB3cE=
github.com/otiai10/curr v1.0.0/go.mod h1:LskTG5wDwr8Rs+nNQ+1LlxRjAtTZZjtJW4rMXl6j4vs=
github.com/otiai10/mint v1.3.0/go.mod h1:F5AjcsTsWUqX+Na9fpHb52P8pcRX2CI6A3ctIT91xUo=
github.com/otiai10/mint v1.3.3/go.mod h1:/yxELlJQ0ufhjUwhshSj+wFjZ78CnZ48/1wtmBH1OTc=
github.com/pkg/errors v0.9.1/go.mod h1:bwawxfHBFNV+L2hUp1rHADufV3IMtnDRdf1r5NINEl0=
github.com/pmezard/go-difflib v1.0.0/go.mod h1:iKH77koFhYxTK1pcRnkKkqfTogsbg7gZNVY4sRDYZ/4=
github.com/pterm/pterm v0.12.27/go.mod h1:PhQ89w4i95rhgE+xedAoqous6K9X+r6aSOI2eFF7DZI=
github.com/pterm/pterm v0.12.29/go.mod h1:WI3qxgvoQFFGKGjGnJR849gU0TsEOvKn5Q8LlY1U7lg=
github.com/pterm/pterm v0.12.30/go.mod h1:MOqLIyMOgmTDz9yorcYbcw+HsgoZo3BQfg2wtl3HEFE=
github.com/pterm/pterm v0.12.31/go.mod h1:32ZAWZVXD7ZfG0s8qqHXePte42kdz8ECtRyEejaWgXU=
github.com/pterm/pterm v0.12.33/go.mod h1:x+h2uL+n7CP/rel9+bImHD5lF3nM9vJj80k9ybiiTTE=
github.com/pterm/pterm v0.12.36/go.mod h1:NjiL09hFhT/vWjQHSj1athJpx6H8cjpHXNAK5bUw8T8=
github.com/pterm/pterm v0.12.40/go.mod h1:ffwPLwlbXxP+rxT0GsgDTzS3y3rmpAO1NMjUkGTYf8s=
github.com/pterm/pterm v0.12.46 h1:7W//n3UldGXI2s+IFRV9GucNsbqex3MG/sibNm/62ag=
github.com/pterm/pterm v0.12.46/go.mod h1:hJgLlBafm45w/Hr0dKXxY//POD7CgowhePaG1sdPNBg=
github.com/rivo/uniseg v0.2.0 h1:S1pD9weZBuJdFmowNwbpi7BJ8TNftyUImj/0WQi72jY=
github.com/rivo/uniseg v0.2.0/go.mod h1:J6wj4VEh+S6ZtnVlnTBMWIodfgj8LQOQFoIToxlJtxc=
github.com/rivo/uniseg v0.3.4 h1:3Z3Eu6FGHZWSfNKJTOUiPatWwfc7DzJRU04jFUqJODw=
github.com/rivo/uniseg v0.3.4/go.mod h1:FN3SvrM+Zdj16jyLfmOkMNblXMcoc8DfTHruCPUcx88=
github.com/russross/blackfriday/v2 v2.1.0/go.mod h1:+Rmxgy9KzJVeS9/2gXHxylqXiyQDYRxCVz55jmeOWTM=
github.com/schollz/progressbar/v3 v3.11.0 h1:3nIBUF1Zw/pGUaRHP7PZWmARP7ZQbWQ6vL6hwoQiIvU=
github.com/schollz/progressbar/v3 v3.11.0/go.mod h1:R2djRgv58sn00AGysc4fN0ip4piOGd3z88K+zVBjczs=
github.com/sergi/go-diff v1.2.0/go.mod h1:STckp+ISIX8hZLjrqAeVduY0gWCT9IjLuqbuNXdaHfM=
github.com/spf13/cobra v1.5.0 h1:X+jTBEBqF0bHN+9cSMgmfuvv2VHJ9ezmFNf9Y/XstYU=
github.com/spf13/cobra v1.5.0/go.mod h1:dWXEIy2H428czQCjInthrTRUg7yKbok+2Qi/yBIJoUM=
github.com/spf13/pflag v1.0.5 h1:iy+VFUOCP1a+8yFto/drg2CJ5u0yRoB7fZw3DKv/JXA=
github.com/spf13/pflag v1.0.5/go.mod h1:McXfInJRrz4CZXVZOBLb0bTZqETkiAhM9Iw0y3An2Bg=
github.com/stretchr/objx v0.1.0/go.mod h1:HFkY916IF+rwdDfMAkV7OtwuqBVzrE8GR6GFx+wExME=
github.com/stretchr/testify v1.3.0/go.mod h1:M5WIy9Dh21IEIfnGCwXGc5bZfKNJtfHm1UVUgZn+9EI=
github.com/stretchr/testify v1.4.0/go.mod h1:j7eGeouHqKxXV5pUuKE4zz7dFj8WfuZ+81PSLYec5m4=
github.com/stretchr/testify v1.6.1/go.mod h1:6Fq8oRcR53rry900zMqJjRRixrwX3KX962/h/Wwjteg=
github.com/stretchr/testify v1.7.0/go.mod h1:6Fq8oRcR53rry900zMqJjRRixrwX3KX962/h/Wwjteg=
github.com/xo/terminfo v0.0.0-20210125001918-ca9a967f8778 h1:QldyIu/L63oPpyvQmHgvgickp1Yw510KJOqX7H24mg8=
github.com/xo/terminfo v0.0.0-20210125001918-ca9a967f8778/go.mod h1:2MuV+tbUrU1zIOPMxZ5EncGwgmMJsa+9ucAQZXxsObs=
golang.org/x/exp v0.0.0-20220909182711-5c715a9e8561 h1:MDc5xs78ZrZr3HMQugiXOAkSZtfTpbJLDr/lwfgO53E=
golang.org/x/exp v0.0.0-20220909182711-5c715a9e8561/go.mod h1:cyybsKvd6eL0RnXn6p/Grxp8F5bW7iYuBgsNCOHpMYE=
golang.org/x/net v0.0.0-20220127200216-cd36cc0744dd/go.mod h1:CfG3xpIq0wQ8r1q4Su4UZFWDARRcnwPjda9FqA0JpMk=
golang.org/x/sys v0.0.0-20201119102817-f84b799fce68/go.mod h1:h1NjWce9XRLGQEsW7wpKNCjG9DtNlClVuFLEZdDNbEs=
golang.org/x/sys v0.0.0-20210124154548-22da62e12c0c/go.mod h1:h1NjWce9XRLGQEsW7wpKNCjG9DtNlClVuFLEZdDNbEs=
golang.org/x/sys v0.0.0-20210330210617-4fbd30eecc44/go.mod h1:h1NjWce9XRLGQEsW7wpKNCjG9DtNlClVuFLEZdDNbEs=
golang.org/x/sys v0.0.0-20210615035016-665e8c7367d1/go.mod h1:oPkhp1MJrh7nUepCBck5+mAzfO9JrbApNNgaTdGDITg=
golang.org/x/sys v0.0.0-20211013075003-97ac67df715c/go.mod h1:oPkhp1MJrh7nUepCBck5+mAzfO9JrbApNNgaTdGDITg=
golang.org/x/sys v0.0.0-20211216021012-1d35b9e2eb4e/go.mod h1:oPkhp1MJrh7nUepCBck5+mAzfO9JrbApNNgaTdGDITg=
golang.org/x/sys v0.0.0-20220319134239-a9b59b0215f8/go.mod h1:oPkhp1MJrh7nUepCBck5+mAzfO9JrbApNNgaTdGDITg=
golang.org/x/sys v0.0.0-20220722155257-8c9f86f7a55f h1:v4INt8xihDGvnrfjMDVXGxw9wrfxYyCjk0KbXjhR55s=
golang.org/x/sys v0.0.0-20220722155257-8c9f86f7a55f/go.mod h1:oPkhp1MJrh7nUepCBck5+mAzfO9JrbApNNgaTdGDITg=
golang.org/x/sys v0.0.0-20220811171246-fbc7d0a398ab/go.mod h1:oPkhp1MJrh7nUepCBck5+mAzfO9JrbApNNgaTdGDITg=
golang.org/x/sys v0.0.0-20220829200755-d48e67d00261/go.mod h1:oPkhp1MJrh7nUepCBck5+mAzfO9JrbApNNgaTdGDITg=
golang.org/x/sys v0.0.0-20220909162455-aba9fc2a8ff2 h1:wM1k/lXfpc5HdkJJyW9GELpd8ERGdnh8sMGL6Gzq3Ho=
golang.org/x/sys v0.0.0-20220909162455-aba9fc2a8ff2/go.mod h1:oPkhp1MJrh7nUepCBck5+mAzfO9JrbApNNgaTdGDITg=
golang.org/x/term v0.0.0-20210220032956-6a3ed077a48d/go.mod h1:bj7SfCRtBDWHUb9snDiAeCFNEtKQo2Wmx5Cou7ajbmo=
golang.org/x/term v0.0.0-20210615171337-6886f2dfbf5b/go.mod h1:jbD1KX2456YbFQfuXm/mYQcufACuNUgVhRMnK/tPxf8=
golang.org/x/term v0.0.0-20210927222741-03fcf44c2211 h1:JGgROgKl9N8DuW20oFS5gxc+lE67/N3FcwmBPMe7ArY=
golang.org/x/term v0.0.0-20210927222741-03fcf44c2211/go.mod h1:jbD1KX2456YbFQfuXm/mYQcufACuNUgVhRMnK/tPxf8=
golang.org/x/term v0.0.0-20220722155259-a9ba230a4035 h1:Q5284mrmYTpACcm+eAKjKJH48BBwSyfJqmmGDTtT8Vc=
golang.org/x/term v0.0.0-20220722155259-a9ba230a4035/go.mod h1:jbD1KX2456YbFQfuXm/mYQcufACuNUgVhRMnK/tPxf8=
golang.org/x/text v0.3.7 h1:olpwvP2KacW1ZWvsR7uQhoyTYvKAupfQrRGBFM352Gk=
golang.org/x/text v0.3.7/go.mod h1:u+2+/6zg+i71rQMx5EYifcz6MCKuco9NR6JIITiCfzQ=
golang.org/x/tools v0.0.0-20180917221912-90fa682c2a6e/go.mod h1:n7NCudcB/nEzxVGmLbDWY5pfWTLqBcC2KZ6jyYvM4mQ=
gopkg.in/check.v1 v0.0.0-20161208181325-20d25e280405/go.mod h1:Co6ibVJAznAaIkqp8huTwlJQCZ016jof/cbN4VW5Yz0=
gopkg.in/check.v1 v1.0.0-20190902080502-41f04d3bba15/go.mod h1:Co6ibVJAznAaIkqp8huTwlJQCZ016jof/cbN4VW5Yz0=
gopkg.in/yaml.v2 v2.2.2/go.mod h1:hI93XBmqTisBFMUTm0b8Fm+jr3Dg1NNxqwp+5A1VGuI=
gopkg.in/yaml.v2 v2.2.4/go.mod h1:hI93XBmqTisBFMUTm0b8Fm+jr3Dg1NNxqwp+5A1VGuI=
gopkg.in/yaml.v2 v2.2.8/go.mod h1:hI93XBmqTisBFMUTm0b8Fm+jr3Dg1NNxqwp+5A1VGuI=
gopkg.in/yaml.v2 v2.4.0/go.mod h1:RDklbk79AGWmwhnvt/jBztapEOGDOx6ZbXqjP6csGnQ=
gopkg.in/yaml.v3 v3.0.0-20200313102051-9f266ea9e77c/go.mod h1:K4uyk7z7BCEPqu6E+C64Yfv1cQ7kz7rIZviUmN+EgEM=
gopkg.in/yaml.v3 v3.0.0-20210107192922-496545a6307b/go.mod h1:K4uyk7z7BCEPqu6E+C64Yfv1cQ7kz7rIZviUmN+EgEM=
gopkg.in/yaml.v3 v3.0.1 h1:fxVm/GzAzEWqLHuvctI91KS9hhNmmWOoWu0XTYJS7CA=
gopkg.in/yaml.v3 v3.0.1/go.mod h1:K4uyk7z7BCEPqu6E+C64Yfv1cQ7kz7rIZviUmN+EgEM=
